
Microsoft Visual Studio Solution File, Format Version 12.00
# Visual Studio Version 16
VisualStudioVersion = 16.0.31313.79
MinimumVisualStudioVersion = 10.0.40219.1
Project("{9A19103F-16F7-4668-BE54-9A1E7A4F7556}") = "CSBMSParser", "CSBMSParser\CSBMSParser.csproj", "{47F89139-DBF0-4794-802C-DD25C2F6050A}"
EndProject
Project("{FAE04EC0-301F-11D3-BF4B-00C04F79EFBC}") = "CSBMSParser.TestConsole", "CSBMSParser.TestConsole\CSBMSParser.TestConsole.csproj", "{74F00BFB-903D-4845-9742-1B3687ACE389}"
EndProject
Global
	GlobalSection(SolutionConfigurationPlatforms) = preSolution
		Debug|Any CPU = Debug|Any CPU
		Release|Any CPU = Release|Any CPU
	EndGlobalSection
	GlobalSection(ProjectConfigurationPlatforms) = postSolution
		{47F89139-DBF0-4794-802C-DD25C2F6050A}.Debug|Any CPU.ActiveCfg = Debug|Any CPU
		{47F89139-DBF0-4794-802C-DD25C2F6050A}.Debug|Any CPU.Build.0 = Debug|Any CPU
		{47F89139-DBF0-4794-802C-DD25C2F6050A}.Release|Any CPU.ActiveCfg = Release|Any CPU
		{47F89139-DBF0-4794-802C-DD25C2F6050A}.Release|Any CPU.Build.0 = Release|Any CPU
		{74F00BFB-903D-4845-9742-1B3687ACE389}.Debug|Any CPU.ActiveCfg = Debug|Any CPU
		{74F00BFB-903D-4845-9742-1B3687ACE389}.Debug|Any CPU.Build.0 = Debug|Any CPU
		{74F00BFB-903D-4845-9742-1B3687ACE389}.Release|Any CPU.ActiveCfg = Release|Any CPU
		{74F00BFB-903D-4845-9742-1B3687ACE389}.Release|Any CPU.Build.0 = Release|Any CPU
	EndGlobalSection
	GlobalSection(SolutionProperties) = preSolution
		HideSolutionNode = FALSE
	EndGlobalSection
	GlobalSection(ExtensibilityGlobals) = postSolution
		SolutionGuid = {0727C081-774F-4F2B-83F5-C130C5CAA7C6}
	EndGlobalSection
EndGlobal
